# This file is autogenerated, do not edit; changes may be undone by the next 'dep ensure'.


[[projects]]
  digest = "1:da6046ff92c7e5234b8530a37c9353e1ef938d488d3632cefb817d598a217466"
  name = "github.com/aws/aws-sdk-go"
  packages = [
    "aws",
    "aws/awserr",
    "aws/awsutil",
    "aws/client",
    "aws/client/metadata",
    "aws/corehandlers",
    "aws/credentials",
    "aws/credentials/ec2rolecreds",
    "aws/credentials/endpointcreds",
    "aws/credentials/processcreds",
    "aws/credentials/stscreds",
    "aws/crr",
    "aws/csm",
    "aws/defaults",
    "aws/ec2metadata",
    "aws/endpoints",
    "aws/request",
    "aws/session",
    "aws/signer/v4",
    "internal/ini",
    "internal/sdkio",
    "internal/sdkrand",
    "internal/sdkuri",
    "internal/shareddefaults",
    "private/protocol",
    "private/protocol/json/jsonutil",
    "private/protocol/jsonrpc",
    "private/protocol/query",
    "private/protocol/query/queryutil",
    "private/protocol/rest",
    "private/protocol/xml/xmlutil",
    "service/dynamodb",
    "service/sts",
  ]
  pruneopts = "UT"
  revision = "3e3b24dd55ca4bb508c7e78142632646ee6e8714"
  version = "v1.19.34"

[[projects]]
  digest = "1:d29ee5ef14a7e0253facd0bcebe6a69a7a4e02a67eb24d2aacd8ccb4a7cea6fc"
  name = "github.com/gobuffalo/envy"
  packages = ["."]
  pruneopts = "UT"
  revision = "043cb4b8af871b49563291e32c66bb84378a60ac"
  version = "v1.7.0"

[[projects]]
  digest = "1:6c511ed0c9edb7ce4a72e6c75a5140309b38783f48934e9ee0b4bc264002f3e5"
  name = "github.com/gobuffalo/flect"
  packages = ["."]
  pruneopts = "UT"
  revision = "7b54dde751c39a3f05221667375657eff2acb230"
  version = "v0.1.3"

[[projects]]
  digest = "1:149bf2c3b6b332f0cfefed9ae4b8c01c527927d369d7a0f41a211c8bf588b556"
  name = "github.com/gobuffalo/genny"
  packages = ["."]
  pruneopts = "UT"
  revision = "05dc5921e98daa5d406f90c2844ff163cb1e1c4e"
  version = "v0.1.1"

[[projects]]
  digest = "1:3812ee37547a0d26633006c910672c42ddf6f932f79dea6a4446979a561f7d60"
  name = "github.com/gobuffalo/gogen"
  packages = [
    ".",
    "goimports",
    "gomods",
  ]
  pruneopts = "UT"
  revision = "5482e6ef5d999f8cfa9b038a53953c9b4ee090af"
  version = "v0.1.1"

[[projects]]
  branch = "master"
  digest = "1:f391538f4166f7c0aa50943372af196304488b039fe663c134d42f064e1ed92c"
  name = "github.com/gobuffalo/logger"
  packages = ["."]
  pruneopts = "UT"
  revision = "86e12af44bc273e0063fad5b6ad588890b8cfe6b"

[[projects]]
  digest = "1:a3259d2a6c245b62e40232800e3ebb4d7d5840940638de0e4754cb13cdd37790"
  name = "github.com/gobuffalo/mapi"
  packages = ["."]
  pruneopts = "UT"
  revision = "0bb5e840be332d4280e40f2e6c50777c615bbac5"
  version = "v1.0.2"

[[projects]]
  digest = "1:1342bed0d7aded5e5c1c958675f0662c9dbaf2d61fa0a8c5918a144737cff3e4"
  name = "github.com/gobuffalo/packd"
  packages = ["."]
  pruneopts = "UT"
  revision = "9efbb667f2024a9370cadda45a57a0657c88a6fb"
  version = "v0.1.0"

[[projects]]
  digest = "1:0fac441be66684180b031233313b8315644c0734fd73944c3e156e3cf5fbe203"
  name = "github.com/gobuffalo/packr"
  packages = [
    "v2",
    "v2/file",
    "v2/file/resolver",
    "v2/file/resolver/encoding/hex",
    "v2/jam/parser",
    "v2/plog",
  ]
  pruneopts = "UT"
  revision = "cda4ac25577350dac682c8715dc6659327232596"
  version = "v2.2.0"

[[projects]]
  branch = "master"
  digest = "1:b90ac64448d67ef218124185a8524f3c665fb7f51f096d5dd51ce950a1775d89"
  name = "github.com/gobuffalo/syncx"
  packages = ["."]
  pruneopts = "UT"
  revision = "33c29581e754bd354236e977dfe426e55331c45d"

[[projects]]
  digest = "1:870d441fe217b8e689d7949fef6e43efbc787e50f200cb1e70dbca9204a1d6be"
  name = "github.com/inconshreveable/mousetrap"
  packages = ["."]
  pruneopts = "UT"
  revision = "76626ae9c91c4f2a10f34cad8ce83ea42c93bb75"
  version = "v1.0"

[[projects]]
  digest = "1:bb81097a5b62634f3e9fec1014657855610c82d19b9a40c17612e32651e35dca"
  name = "github.com/jmespath/go-jmespath"
  packages = ["."]
  pruneopts = "UT"
  revision = "c2b33e84"

[[projects]]
  digest = "1:ecd9aa82687cf31d1585d4ac61d0ba180e42e8a6182b85bd785fcca8dfeefc1b"
  name = "github.com/joho/godotenv"
  packages = ["."]
  pruneopts = "UT"
  revision = "23d116af351c84513e1946b527c88823e476be13"
  version = "v1.3.0"

[[projects]]
  digest = "1:19cce3954c778b676622745e850f7d201eefffbb62d2c42ce87673617f96e95a"
  name = "github.com/karrick/godirwalk"
  packages = ["."]
  pruneopts = "UT"
  revision = "5e617d9cfec6f870e63b168e9a2fb7c490a1c108"
  version = "v1.10.3"

[[projects]]
  digest = "1:31e761d97c76151dde79e9d28964a812c46efc5baee4085b86f68f0c654450de"
  name = "github.com/konsorten/go-windows-terminal-sequences"
  packages = ["."]
  pruneopts = "UT"
  revision = "f55edac94c9bbba5d6182a4be46d86a2c9b5b50e"
  version = "v1.0.2"

[[projects]]
  branch = "master"
  digest = "1:6e2ed1bdbf1d14b4d0be58bcd3f1c3000c1e226964354457b8e6ca69e83a1cbb"
  name = "github.com/markbates/oncer"
  packages = ["."]
  pruneopts = "UT"
  revision = "bf2de49a0be218916e69a11d22866e6cd0a560f2"

[[projects]]
  digest = "1:28687e854cec240942c103259668b132a8450b05a6cc677eea2282b26ae29310"
  name = "github.com/markbates/safe"
  packages = ["."]
  pruneopts = "UT"
  revision = "6fea05a5732486546a4836b7a1d596c5ec687b98"
  version = "v1.0.1"

[[projects]]
  digest = "1:cf31692c14422fa27c83a05292eb5cbe0fb2775972e8f1f8446a71549bd8980b"
  name = "github.com/pkg/errors"
  packages = ["."]
  pruneopts = "UT"
  revision = "ba968bfe8b2f7e042a574c888954fccecfa385b4"
  version = "v0.8.1"

[[projects]]
  digest = "1:e09ada96a5a41deda4748b1659cc8953961799e798aea557257b56baee4ecaf3"
  name = "github.com/rogpeppe/go-internal"
  packages = [
    "modfile",
    "module",
    "semver",
  ]
  pruneopts = "UT"
  revision = "438578804ca6f31be148c27683afc419ce47c06e"
  version = "v1.3.0"

[[projects]]
  digest = "1:04457f9f6f3ffc5fea48e71d62f2ca256637dee0a04d710288e27e05c8b41976"
  name = "github.com/sirupsen/logrus"
  packages = ["."]
  pruneopts = "UT"
  revision = "839c75faf7f98a33d445d181f3018b5c3409a45e"
  version = "v1.4.2"

[[projects]]
  digest = "1:22799aea8fe96dd5693abdd1eaa14b1b29e3eafbdc7733fa155b3cb556c8a7ae"
  name = "github.com/spf13/cobra"
  packages = ["."]
  pruneopts = "UT"
  revision = "67fc4837d267bc9bfd6e47f77783fcc3dffc68de"
  version = "v0.0.4"

[[projects]]
  digest = "1:c1b1102241e7f645bc8e0c22ae352e8f0dc6484b6cb4d132fa9f24174e0119e2"
  name = "github.com/spf13/pflag"
  packages = ["."]
  pruneopts = "UT"
  revision = "298182f68c66c05229eb03ac171abe6e309ee79a"
  version = "v1.0.3"

[[projects]]
  branch = "master"
  digest = "1:bbe51412d9915d64ffaa96b51d409e070665efc5194fcf145c4a27d4133107a4"
  name = "golang.org/x/crypto"
  packages = ["ssh/terminal"]
  pruneopts = "UT"
  revision = "22d7a77e9e5f409e934ed268692e56707cd169e5"

[[projects]]
  branch = "master"
  digest = "1:160e165ef13917405d1ebfde865cb9c292b8635f83655e3932662d5586d300ee"
  name = "golang.org/x/sys"
  packages = [
    "unix",
    "windows",
  ]
  pruneopts = "UT"
  revision = "c432e742b0af385916e013f6a34e9e73d139cf82"

[[projects]]
  branch = "master"
  digest = "1:e2d233dba4d02cc0873ddee0880952c411134006cfaaf3844daa31af4246a0bc"
  name = "golang.org/x/tools"
  packages = [
    "go/ast/astutil",
    "go/gcexportdata",
    "go/internal/gcimporter",
    "go/internal/packagesdriver",
    "go/packages",
    "go/types/typeutil",
    "imports",
    "internal/fastwalk",
    "internal/gopathwalk",
    "internal/imports",
    "internal/module",
    "internal/semver",
  ]
  pruneopts = "UT"
  revision = "26647e34d3c04fd3eaef6fb824493b00af7b1b26"

[solve-meta]
  analyzer-name = "dep"
  analyzer-version = 1
  input-imports = [
    "github.com/aws/aws-sdk-go/aws",
    "github.com/aws/aws-sdk-go/aws/session",
    "github.com/aws/aws-sdk-go/service/dynamodb",
    "github.com/gobuffalo/flect",
    "github.com/gobuffalo/packr/v2",
    "github.com/spf13/cobra",
  ]
  solver-name = "gps-cdcl"
  solver-version = 1
